# This file was autogenerated by Stack.
# You should not edit this file by hand.
# For more information, please see the documentation at:
#   https://docs.haskellstack.org/en/stable/topics/lock_files

packages: []
snapshots:
- completed:
    sha256: 8153b6862c1ec16d83802ac80e39a0c10335fd12082c3f98855b863f8207fce6
    size: 696614
    url: https://raw.githubusercontent.com/commercialhaskell/stackage-snapshots/master/nightly/2025/9/30.yaml
  original: nightly-2025-09-30
